
Microsoft Visual Studio Solution File, Format Version 12.00
# Visual Studio Version 17
VisualStudioVersion = 17.0.31903.59
MinimumVisualStudioVersion = 10.0.40219.1
Project("{FAE04EC0-301F-11D3-BF4B-00C04F79EFBC}") = "WebAPI", "WebAPI.csproj", "{1D349DC5-7B2E-4A94-AA26-746DCD47AF60}"
EndProject
Global
	GlobalSection(SolutionConfigurationPlatforms) = preSolution
		Debug|Any CPU = Debug|Any CPU
		Release|Any CPU = Release|Any CPU
	EndGlobalSection
	GlobalSection(ProjectConfigurationPlatforms) = postSolution
		{1D349DC5-7B2E-4A94-AA26-746DCD47AF60}.Debug|Any CPU.ActiveCfg = Debug|Any CPU
		{1D349DC5-7B2E-4A94-AA26-746DCD47AF60}.Debug|Any CPU.Build.0 = Debug|Any CPU
		{1D349DC5-7B2E-4A94-AA26-746DCD47AF60}.Release|Any CPU.ActiveCfg = Release|Any CPU
		{1D349DC5-7B2E-4A94-AA26-746DCD47AF60}.Release|Any CPU.Build.0 = Release|Any CPU
	EndGlobalSection
	GlobalSection(SolutionProperties) = preSolution
		HideSolutionNode = FALSE
	EndGlobalSection
	GlobalSection(ExtensibilityGlobals) = postSolution
		SolutionGuid = {361D8565-48EE-4AC6-84AD-7AB8A472881B}
	EndGlobalSection
EndGlobal
